
Microsoft Visual Studio Solution File, Format Version 12.00
# Visual Studio Version 17
VisualStudioVersion = 17.3.32929.385
MinimumVisualStudioVersion = 10.0.40219.1
Project("{FAE04EC0-301F-11D3-BF4B-00C04F79EFBC}") = "Presentacion", "Presentacion\Presentacion.csproj", "{7D32830D-842A-4030-A38A-20D775CCEC01}"
EndProject
Project("{FAE04EC0-301F-11D3-BF4B-00C04F79EFBC}") = "LogicaDelNegocio", "LogicaDelNegocio\LogicaDelNegocio.csproj", "{FDE6D90A-31FB-4150-8B5A-9C6CBBF729F2}"
EndProject
Project("{FAE04EC0-301F-11D3-BF4B-00C04F79EFBC}") = "AccesoADatos", "AccesoADatos\AccesoADatos.csproj", "{ADF8E24B-DBE1-4F2F-921F-FA6D17FA1787}"
EndProject
Project("{FAE04EC0-301F-11D3-BF4B-00C04F79EFBC}") = "Dominio", "Dominio\Dominio.csproj", "{5FC503AF-83A8-4CB6-B27A-3346983BE0FF}"
EndProject
Project("{FAE04EC0-301F-11D3-BF4B-00C04F79EFBC}") = "Pruebas", "Pruebas\Pruebas.csproj", "{6664718D-FF75-4747-B96D-7EBE98EFA12B}"
EndProject
Global
	GlobalSection(SolutionConfigurationPlatforms) = preSolution
		Debug|Any CPU = Debug|Any CPU
		Release|Any CPU = Release|Any CPU
	EndGlobalSection
	GlobalSection(ProjectConfigurationPlatforms) = postSolution
		{7D32830D-842A-4030-A38A-20D775CCEC01}.Debug|Any CPU.ActiveCfg = Debug|Any CPU
		{7D32830D-842A-4030-A38A-20D775CCEC01}.Debug|Any CPU.Build.0 = Debug|Any CPU
		{7D32830D-842A-4030-A38A-20D775CCEC01}.Release|Any CPU.ActiveCfg = Release|Any CPU
		{7D32830D-842A-4030-A38A-20D775CCEC01}.Release|Any CPU.Build.0 = Release|Any CPU
		{FDE6D90A-31FB-4150-8B5A-9C6CBBF729F2}.Debug|Any CPU.ActiveCfg = Debug|Any CPU
		{FDE6D90A-31FB-4150-8B5A-9C6CBBF729F2}.Debug|Any CPU.Build.0 = Debug|Any CPU
		{FDE6D90A-31FB-4150-8B5A-9C6CBBF729F2}.Release|Any CPU.ActiveCfg = Release|Any CPU
		{FDE6D90A-31FB-4150-8B5A-9C6CBBF729F2}.Release|Any CPU.Build.0 = Release|Any CPU
		{ADF8E24B-DBE1-4F2F-921F-FA6D17FA1787}.Debug|Any CPU.ActiveCfg = Debug|Any CPU
		{ADF8E24B-DBE1-4F2F-921F-FA6D17FA1787}.Debug|Any CPU.Build.0 = Debug|Any CPU
		{ADF8E24B-DBE1-4F2F-921F-FA6D17FA1787}.Release|Any CPU.ActiveCfg = Release|Any CPU
		{ADF8E24B-DBE1-4F2F-921F-FA6D17FA1787}.Release|Any CPU.Build.0 = Release|Any CPU
		{5FC503AF-83A8-4CB6-B27A-3346983BE0FF}.Debug|Any CPU.ActiveCfg = Debug|Any CPU
		{5FC503AF-83A8-4CB6-B27A-3346983BE0FF}.Debug|Any CPU.Build.0 = Debug|Any CPU
		{5FC503AF-83A8-4CB6-B27A-3346983BE0FF}.Release|Any CPU.ActiveCfg = Release|Any CPU
		{5FC503AF-83A8-4CB6-B27A-3346983BE0FF}.Release|Any CPU.Build.0 = Release|Any CPU
		{6664718D-FF75-4747-B96D-7EBE98EFA12B}.Debug|Any CPU.ActiveCfg = Debug|Any CPU
		{6664718D-FF75-4747-B96D-7EBE98EFA12B}.Debug|Any CPU.Build.0 = Debug|Any CPU
		{6664718D-FF75-4747-B96D-7EBE98EFA12B}.Release|Any CPU.ActiveCfg = Release|Any CPU
		{6664718D-FF75-4747-B96D-7EBE98EFA12B}.Release|Any CPU.Build.0 = Release|Any CPU
	EndGlobalSection
	GlobalSection(SolutionProperties) = preSolution
		HideSolutionNode = FALSE
	EndGlobalSection
	GlobalSection(ExtensibilityGlobals) = postSolution
		SolutionGuid = {47DCCADA-0D71-449B-A4F9-72B1C3560C7A}
	EndGlobalSection
EndGlobal
